// !$*UTF8*$!
{
	archiveVersion = 1;
	classes = {
	};
	objectVersion = 50;
	objects = {

/* Begin PBXBuildFile section */
		7A398C89270867A9006D36E8 /* AppDelegate.swift in Sources */ = {isa = PBXBuildFile; fileRef = 7A398C88270867A9006D36E8 /* AppDelegate.swift */; };
		7A398C8B270867A9006D36E8 /* SceneDelegate.swift in Sources */ = {isa = PBXBuildFile; fileRef = 7A398C8A270867A9006D36E8 /* SceneDelegate.swift */; };
		7A398C8D270867A9006D36E8 /* ViewController.swift in Sources */ = {isa = PBXBuildFile; fileRef = 7A398C8C270867A9006D36E8 /* ViewController.swift */; };
		7A398C90270867A9006D36E8 /* Main.storyboard in Resources */ = {isa = PBXBuildFile; fileRef = 7A398C8E270867A9006D36E8 /* Main.storyboard */; };
		7A398C93270867A9006D36E8 /* NASA_Picture_of_The_Day.xcdatamodeld in Sources */ = {isa = PBXBuildFile; fileRef = 7A398C91270867A9006D36E8 /* NASA_Picture_of_The_Day.xcdatamodeld */; };
		7A398C95270867AB006D36E8 /* Assets.xcassets in Resources */ = {isa = PBXBuildFile; fileRef = 7A398C94270867AB006D36E8 /* Assets.xcassets */; };
		7A398C98270867AB006D36E8 /* LaunchScreen.storyboard in Resources */ = {isa = PBXBuildFile; fileRef = 7A398C96270867AB006D36E8 /* LaunchScreen.storyboard */; };
		7A398CA3270867AB006D36E8 /* NASA_Picture_of_The_DayTests.swift in Sources */ = {isa = PBXBuildFile; fileRef = 7A398CA2270867AB006D36E8 /* NASA_Picture_of_The_DayTests.swift */; };
		7A398CAE270867AB006D36E8 /* NASA_Picture_of_The_DayUITests.swift in Sources */ = {isa = PBXBuildFile; fileRef = 7A398CAD270867AB006D36E8 /* NASA_Picture_of_The_DayUITests.swift */; };
/* End PBXBuildFile section */

/* Begin PBXContainerItemProxy section */
		7A398C9F270867AB006D36E8 /* PBXContainerItemProxy */ = {
			isa = PBXContainerItemProxy;
			containerPortal = 7A398C7D270867A9006D36E8 /* Project object */;
			proxyType = 1;
			remoteGlobalIDString = 7A398C84270867A9006D36E8;
			remoteInfo = "NASA Picture of The Day";
		};
		7A398CAA270867AB006D36E8 /* PBXContainerItemProxy */ = {
			isa = PBXContainerItemProxy;
			containerPortal = 7A398C7D270867A9006D36E8 /* Project object */;
			proxyType = 1;
			remoteGlobalIDString = 7A398C84270867A9006D36E8;
			remoteInfo = "NASA Picture of The Day";
		};
/* End PBXContainerItemProxy section */

/* Begin PBXFileReference section */
		7A398C85270867A9006D36E8 /* NASA Picture of The Day.app */ = {isa = PBXFileReference; explicitFileType = wrapper.application; includeInIndex = 0; path = "NASA Picture of The Day.app"; sourceTree = BUILT_PRODUCTS_DIR; };
		7A398C88270867A9006D36E8 /* AppDelegate.swift */ = {isa = PBXFileReference; lastKnownFileType = sourcecode.swift; path = AppDelegate.swift; sourceTree = "<group>"; };
		7A398C8A270867A9006D36E8 /* SceneDelegate.swift */ = {isa = PBXFileReference; lastKnownFileType = sourcecode.swift; path = SceneDelegate.swift; sourceTree = "<group>"; };
		7A398C8C270867A9006D36E8 /* ViewController.swift */ = {isa = PBXFileReference; lastKnownFileType = sourcecode.swift; path = ViewController.swift; sourceTree = "<group>"; };
		7A398C8F270867A9006D36E8 /* Base */ = {isa = PBXFileReference; lastKnownFileType = file.storyboard; name = Base; path = Base.lproj/Main.storyboard; sourceTree = "<group>"; };
		7A398C92270867A9006D36E8 /* NASA_Picture_of_The_Day.xcdatamodel */ = {isa = PBXFileReference; lastKnownFileType = wrapper.xcdatamodel; path = NASA_Picture_of_The_Day.xcdatamodel; sourceTree = "<group>"; };
		7A398C94270867AB006D36E8 /* Assets.xcassets */ = {isa = PBXFileReference; lastKnownFileType = folder.assetcatalog; path = Assets.xcassets; sourceTree = "<group>"; };
		7A398C97270867AB006D36E8 /* Base */ = {isa = PBXFileReference; lastKnownFileType = file.storyboard; name = Base; path = Base.lproj/LaunchScreen.storyboard; sourceTree = "<group>"; };
		7A398C99270867AB006D36E8 /* Info.plist */ = {isa = PBXFileReference; lastKnownFileType = text.plist.xml; path = Info.plist; sourceTree = "<group>"; };
		7A398C9E270867AB006D36E8 /* NASA Picture of The DayTests.xctest */ = {isa = PBXFileReference; explicitFileType = wrapper.cfbundle; includeInIndex = 0; path = "NASA Picture of The DayTests.xctest"; sourceTree = BUILT_PRODUCTS_DIR; };
		7A398CA2270867AB006D36E8 /* NASA_Picture_of_The_DayTests.swift */ = {isa = PBXFileReference; lastKnownFileType = sourcecode.swift; path = NASA_Picture_of_The_DayTests.swift; sourceTree = "<group>"; };
		7A398CA4270867AB006D36E8 /* Info.plist */ = {isa = PBXFileReference; lastKnownFileType = text.plist.xml; path = Info.plist; sourceTree = "<group>"; };
		7A398CA9270867AB006D36E8 /* NASA Picture of The DayUITests.xctest */ = {isa = PBXFileReference; explicitFileType = wrapper.cfbundle; includeInIndex = 0; path = "NASA Picture of The DayUITests.xctest"; sourceTree = BUILT_PRODUCTS_DIR; };
		7A398CAD270867AB006D36E8 /* NASA_Picture_of_The_DayUITests.swift */ = {isa = PBXFileReference; lastKnownFileType = sourcecode.swift; path = NASA_Picture_of_The_DayUITests.swift; sourceTree = "<group>"; };
		7A398CAF270867AB006D36E8 /* Info.plist */ = {isa = PBXFileReference; lastKnownFileType = text.plist.xml; path = Info.plist; sourceTree = "<group>"; };
/* End PBXFileReference section */

/* Begin PBXFrameworksBuildPhase section */
		7A398C82270867A9006D36E8 /* Frameworks */ = {
			isa = PBXFrameworksBuildPhase;
			buildActionMask = 2147483647;
			files = (
			);
			runOnlyForDeploymentPostprocessing = 0;
		};
		7A398C9B270867AB006D36E8 /* Frameworks */ = {
			isa = PBXFrameworksBuildPhase;
			buildActionMask = 2147483647;
			files = (
			);
			runOnlyForDeploymentPostprocessing = 0;
		};
		7A398CA6270867AB006D36E8 /* Frameworks */ = {
			isa = PBXFrameworksBuildPhase;
			buildActionMask = 2147483647;
			files = (
			);
			runOnlyForDeploymentPostprocessing = 0;
		};
/* End PBXFrameworksBuildPhase section */

/* Begin PBXGroup section */
		7A398C7C270867A9006D36E8 = {
			isa = PBXGroup;
			children = (
				7A398C87270867A9006D36E8 /* NASA Picture of The Day */,
				7A398CA1270867AB006D36E8 /* NASA Picture of The DayTests */,
				7A398CAC270867AB006D36E8 /* NASA Picture of The DayUITests */,
				7A398C86270867A9006D36E8 /* Products */,
			);
			sourceTree = "<group>";
		};
		7A398C86270867A9006D36E8 /* Products */ = {
			isa = PBXGroup;
			children = (
				7A398C85270867A9006D36E8 /* NASA Picture of The Day.app */,
				7A398C9E270867AB006D36E8 /* NASA Picture of The DayTests.xctest */,
				7A398CA9270867AB006D36E8 /* NASA Picture of The DayUITests.xctest */,
			);
			name = Products;
			sourceTree = "<group>";
		};
		7A398C87270867A9006D36E8 /* NASA Picture of The Day */ = {
			isa = PBXGroup;
			children = (
				7A398C88270867A9006D36E8 /* AppDelegate.swift */,
				7A398C8A270867A9006D36E8 /* SceneDelegate.swift */,
				7A398C8C270867A9006D36E8 /* ViewController.swift */,
				7A398C8E270867A9006D36E8 /* Main.storyboard */,
				7A398C94270867AB006D36E8 /* Assets.xcassets */,
				7A398C96270867AB006D36E8 /* LaunchScreen.storyboard */,
				7A398C99270867AB006D36E8 /* Info.plist */,
				7A398C91270867A9006D36E8 /* NASA_Picture_of_The_Day.xcdatamodeld */,
			);
			path = "NASA Picture of The Day";
			sourceTree = "<group>";
		};
		7A398CA1270867AB006D36E8 /* NASA Picture of The DayTests */ = {
			isa = PBXGroup;
			children = (
				7A398CA2270867AB006D36E8 /* NASA_Picture_of_The_DayTests.swift */,
				7A398CA4270867AB006D36E8 /* Info.plist */,
			);
			path = "NASA Picture of The DayTests";
			sourceTree = "<group>";
		};
		7A398CAC270867AB006D36E8 /* NASA Picture of The DayUITests */ = {
			isa = PBXGroup;
			children = (
				7A398CAD270867AB006D36E8 /* NASA_Picture_of_The_DayUITests.swift */,
				7A398CAF270867AB006D36E8 /* Info.plist */,
			);
			path = "NASA Picture of The DayUITests";
			sourceTree = "<group>";
		};
/* End PBXGroup section */

/* Begin PBXNativeTarget section */
		7A398C84270867A9006D36E8 /* NASA Picture of The Day */ = {
			isa = PBXNativeTarget;
			buildConfigurationList = 7A398CB2270867AB006D36E8 /* Build configuration list for PBXNativeTarget "NASA Picture of The Day" */;
			buildPhases = (
				7A398C81270867A9006D36E8 /* Sources */,
				7A398C82270867A9006D36E8 /* Frameworks */,
				7A398C83270867A9006D36E8 /* Resources */,
			);
			buildRules = (
			);
			dependencies = (
			);
			name = "NASA Picture of The Day";
			productName = "NASA Picture of The Day";
			productReference = 7A398C85270867A9006D36E8 /* NASA Picture of The Day.app */;
			productType = "com.apple.product-type.application";
		};
		7A398C9D270867AB006D36E8 /* NASA Picture of The DayTests */ = {
			isa = PBXNativeTarget;
			buildConfigurationList = 7A398CB5270867AB006D36E8 /* Build configuration list for PBXNativeTarget "NASA Picture of The DayTests" */;
			buildPhases = (
				7A398C9A270867AB006D36E8 /* Sources */,
				7A398C9B270867AB006D36E8 /* Frameworks */,
				7A398C9C270867AB006D36E8 /* Resources */,
			);
			buildRules = (
			);
			dependencies = (
				7A398CA0270867AB006D36E8 /* PBXTargetDependency */,
			);
			name = "NASA Picture of The DayTests";
			productName = "NASA Picture of The DayTests";
			productReference = 7A398C9E270867AB006D36E8 /* NASA Picture of The DayTests.xctest */;
			productType = "com.apple.product-type.bundle.unit-test";
		};
		7A398CA8270867AB006D36E8 /* NASA Picture of The DayUITests */ = {
			isa = PBXNativeTarget;
			buildConfigurationList = 7A398CB8270867AB006D36E8 /* Build configuration list for PBXNativeTarget "NASA Picture of The DayUITests" */;
			buildPhases = (
				7A398CA5270867AB006D36E8 /* Sources */,
				7A398CA6270867AB006D36E8 /* Frameworks */,
				7A398CA7270867AB006D36E8 /* Resources */,
			);
			buildRules = (
			);
			dependencies = (
				7A398CAB270867AB006D36E8 /* PBXTargetDependency */,
			);
			name = "NASA Picture of The DayUITests";
			productName = "NASA Picture of The DayUITests";
			productReference = 7A398CA9270867AB006D36E8 /* NASA Picture of The DayUITests.xctest */;
			productType = "com.apple.product-type.bundle.ui-testing";
		};
/* End PBXNativeTarget section */

/* Begin PBXProject section */
		7A398C7D270867A9006D36E8 /* Project object */ = {
			isa = PBXProject;
			attributes = {
				LastSwiftUpdateCheck = 1230;
				LastUpgradeCheck = 1230;
				TargetAttributes = {
					7A398C84270867A9006D36E8 = {
						CreatedOnToolsVersion = 12.3;
					};
					7A398C9D270867AB006D36E8 = {
						CreatedOnToolsVersion = 12.3;
						TestTargetID = 7A398C84270867A9006D36E8;
					};
					7A398CA8270867AB006D36E8 = {
						CreatedOnToolsVersion = 12.3;
						TestTargetID = 7A398C84270867A9006D36E8;
					};
				};
			};
			buildConfigurationList = 7A398C80270867A9006D36E8 /* Build configuration list for PBXProject "NASA Picture of The Day" */;
			compatibilityVersion = "Xcode 9.3";
			developmentRegion = en;
			hasScannedForEncodings = 0;
			knownRegions = (
				en,
				Base,
			);
			mainGroup = 7A398C7C270867A9006D36E8;
			productRefGroup = 7A398C86270867A9006D36E8 /* Products */;
			projectDirPath = "";
			projectRoot = "";
			targets = (
				7A398C84270867A9006D36E8 /* NASA Picture of The Day */,
				7A398C9D270867AB006D36E8 /* NASA Picture of The DayTests */,
				7A398CA8270867AB006D36E8 /* NASA Picture of The DayUITests */,
			);
		};
/* End PBXProject section */

/* Begin PBXResourcesBuildPhase section */
		7A398C83270867A9006D36E8 /* Resources */ = {
			isa = PBXResourcesBuildPhase;
			buildActionMask = 2147483647;
			files = (
				7A398C98270867AB006D36E8 /* LaunchScreen.storyboard in Resources */,
				7A398C95270867AB006D36E8 /* Assets.xcassets in Resources */,
				7A398C90270867A9006D36E8 /* Main.storyboard in Resources */,
			);
			runOnlyForDeploymentPostprocessing = 0;
		};
		7A398C9C270867AB006D36E8 /* Resources */ = {
			isa = PBXResourcesBuildPhase;
			buildActionMask = 2147483647;
			files = (
			);
			runOnlyForDeploymentPostprocessing = 0;
		};
		7A398CA7270867AB006D36E8 /* Resources */ = {
			isa = PBXResourcesBuildPhase;
			buildActionMask = 2147483647;
			files = (
			);
			runOnlyForDeploymentPostprocessing = 0;
		};
/* End PBXResourcesBuildPhase section */

/* Begin PBXSourcesBuildPhase section */
		7A398C81270867A9006D36E8 /* Sources */ = {
			isa = PBXSourcesBuildPhase;
			buildActionMask = 2147483647;
			files = (
				7A398C8D270867A9006D36E8 /* ViewController.swift in Sources */,
				7A398C89270867A9006D36E8 /* AppDelegate.swift in Sources */,
				7A398C8B270867A9006D36E8 /* SceneDelegate.swift in Sources */,
				7A398C93270867A9006D36E8 /* NASA_Picture_of_The_Day.xcdatamodeld in Sources */,
			);
			runOnlyForDeploymentPostprocessing = 0;
		};
		7A398C9A270867AB006D36E8 /* Sources */ = {
			isa = PBXSourcesBuildPhase;
			buildActionMask = 2147483647;
			files = (
				7A398CA3270867AB006D36E8 /* NASA_Picture_of_The_DayTests.swift in Sources */,
			);
			runOnlyForDeploymentPostprocessing = 0;
		};
		7A398CA5270867AB006D36E8 /* Sources */ = {
			isa = PBXSourcesBuildPhase;
			buildActionMask = 2147483647;
			files = (
				7A398CAE270867AB006D36E8 /* NASA_Picture_of_The_DayUITests.swift in Sources */,
			);
			runOnlyForDeploymentPostprocessing = 0;
		};
/* End PBXSourcesBuildPhase section */

/* Begin PBXTargetDependency section */
		7A398CA0270867AB006D36E8 /* PBXTargetDependency */ = {
			isa = PBXTargetDependency;
			target = 7A398C84270867A9006D36E8 /* NASA Picture of The Day */;
			targetProxy = 7A398C9F270867AB006D36E8 /* PBXContainerItemProxy */;
		};
		7A398CAB270867AB006D36E8 /* PBXTargetDependency */ = {
			isa = PBXTargetDependency;
			target = 7A398C84270867A9006D36E8 /* NASA Picture of The Day */;
			targetProxy = 7A398CAA270867AB006D36E8 /* PBXContainerItemProxy */;
		};
/* End PBXTargetDependency section */

/* Begin PBXVariantGroup section */
		7A398C8E270867A9006D36E8 /* Main.storyboard */ = {
			isa = PBXVariantGroup;
			children = (
				7A398C8F270867A9006D36E8 /* Base */,
			);
			name = Main.storyboard;
			sourceTree = "<group>";
		};
		7A398C96270867AB006D36E8 /* LaunchScreen.storyboard */ = {
			isa = PBXVariantGroup;
			children = (
				7A398C97270867AB006D36E8 /* Base */,
			);
			name = LaunchScreen.storyboard;
			sourceTree = "<group>";
		};
/* End PBXVariantGroup section */

/* Begin XCBuildConfiguration section */
		7A398CB0270867AB006D36E8 /* Debug */ = {
			isa = XCBuildConfiguration;
			buildSettings = {
				ALWAYS_SEARCH_USER_PATHS = NO;
				CLANG_ANALYZER_NONNULL = YES;
				CLANG_ANALYZER_NUMBER_OBJECT_CONVERSION = YES_AGGRESSIVE;
				CLANG_CXX_LANGUAGE_STANDARD = "gnu++14";
				CLANG_CXX_LIBRARY = "libc++";
				CLANG_ENABLE_MODULES = YES;
				CLANG_ENABLE_OBJC_ARC = YES;
				CLANG_ENABLE_OBJC_WEAK = YES;
				CLANG_WARN_BLOCK_CAPTURE_AUTORELEASING = YES;
				CLANG_WARN_BOOL_CONVERSION = YES;
				CLANG_WARN_COMMA = YES;
				CLANG_WARN_CONSTANT_CONVERSION = YES;
				CLANG_WARN_DEPRECATED_OBJC_IMPLEMENTATIONS = YES;
				CLANG_WARN_DIRECT_OBJC_ISA_USAGE = YES_ERROR;
				CLANG_WARN_DOCUMENTATION_COMMENTS = YES;
				CLANG_WARN_EMPTY_BODY = YES;
				CLANG_WARN_ENUM_CONVERSION = YES;
				CLANG_WARN_INFINITE_RECURSION = YES;
				CLANG_WARN_INT_CONVERSION = YES;
				CLANG_WARN_NON_LITERAL_NULL_CONVERSION = YES;
				CLANG_WARN_OBJC_IMPLICIT_RETAIN_SELF = YES;
				CLANG_WARN_OBJC_LITERAL_CONVERSION = YES;
				CLANG_WARN_OBJC_ROOT_CLASS = YES_ERROR;
				CLANG_WARN_QUOTED_INCLUDE_IN_FRAMEWORK_HEADER = YES;
				CLANG_WARN_RANGE_LOOP_ANALYSIS = YES;
				CLANG_WARN_STRICT_PROTOTYPES = YES;
				CLANG_WARN_SUSPICIOUS_MOVE = YES;
				CLANG_WARN_UNGUARDED_AVAILABILITY = YES_AGGRESSIVE;
				CLANG_WARN_UNREACHABLE_CODE = YES;
				CLANG_WARN__DUPLICATE_METHOD_MATCH = YES;
				COPY_PHASE_STRIP = NO;
				DEBUG_INFORMATION_FORMAT = dwarf;
				ENABLE_STRICT_OBJC_MSGSEND = YES;
				ENABLE_TESTABILITY = YES;
				GCC_C_LANGUAGE_STANDARD = gnu11;
				GCC_DYNAMIC_NO_PIC = NO;
				GCC_NO_COMMON_BLOCKS = YES;
				GCC_OPTIMIZATION_LEVEL = 0;
				GCC_PREPROCESSOR_DEFINITIONS = (
					"DEBUG=1",
					"$(inherited)",
				);
				GCC_WARN_64_TO_32_BIT_CONVERSION = YES;
				GCC_WARN_ABOUT_RETURN_TYPE = YES_ERROR;
				GCC_WARN_UNDECLARED_SELECTOR = YES;
				GCC_WARN_UNINITIALIZED_AUTOS = YES_AGGRESSIVE;
				GCC_WARN_UNUSED_FUNCTION = YES;
				GCC_WARN_UNUSED_VARIABLE = YES;
				IPHONEOS_DEPLOYMENT_TARGET = 14.3;
				MTL_ENABLE_DEBUG_INFO = INCLUDE_SOURCE;
				MTL_FAST_MATH = YES;
				ONLY_ACTIVE_ARCH = YES;
				SDKROOT = iphoneos;
				SWIFT_ACTIVE_COMPILATION_CONDITIONS = DEBUG;
				SWIFT_OPTIMIZATION_LEVEL = "-Onone";
			};
			name = Debug;
		};
		7A398CB1270867AB006D36E8 /* Release */ = {
			isa = XCBuildConfiguration;
			buildSettings = {
				ALWAYS_SEARCH_USER_PATHS = NO;
				CLANG_ANALYZER_NONNULL = YES;
				CLANG_ANALYZER_NUMBER_OBJECT_CONVERSION = YES_AGGRESSIVE;
				CLANG_CXX_LANGUAGE_STANDARD = "gnu++14";
				CLANG_CXX_LIBRARY = "libc++";
				CLANG_ENABLE_MODULES = YES;
				CLANG_ENABLE_OBJC_ARC = YES;
				CLANG_ENABLE_OBJC_WEAK = YES;
				CLANG_WARN_BLOCK_CAPTURE_AUTORELEASING = YES;
				CLANG_WARN_BOOL_CONVERSION = YES;
				CLANG_WARN_COMMA = YES;
				CLANG_WARN_CONSTANT_CONVERSION = YES;
				CLANG_WARN_DEPRECATED_OBJC_IMPLEMENTATIONS = YES;
				CLANG_WARN_DIRECT_OBJC_ISA_USAGE = YES_ERROR;
				CLANG_WARN_DOCUMENTATION_COMMENTS = YES;
				CLANG_WARN_EMPTY_BODY = YES;
				CLANG_WARN_ENUM_CONVERSION = YES;
				CLANG_WARN_INFINITE_RECURSION = YES;
				CLANG_WARN_INT_CONVERSION = YES;
				CLANG_WARN_NON_LITERAL_NULL_CONVERSION = YES;
				CLANG_WARN_OBJC_IMPLICIT_RETAIN_SELF = YES;
				CLANG_WARN_OBJC_LITERAL_CONVERSION = YES;
				CLANG_WARN_OBJC_ROOT_CLASS = YES_ERROR;
				CLANG_WARN_QUOTED_INCLUDE_IN_FRAMEWORK_HEADER = YES;
				CLANG_WARN_RANGE_LOOP_ANALYSIS = YES;
				CLANG_WARN_STRICT_PROTOTYPES = YES;
				CLANG_WARN_SUSPICIOUS_MOVE = YES;
				CLANG_WARN_UNGUARDED_AVAILABILITY = YES_AGGRESSIVE;
				CLANG_WARN_UNREACHABLE_CODE = YES;
				CLANG_WARN__DUPLICATE_METHOD_MATCH = YES;
				COPY_PHASE_STRIP = NO;
				DEBUG_INFORMATION_FORMAT = "dwarf-with-dsym";
				ENABLE_NS_ASSERTIONS = NO;
				ENABLE_STRICT_OBJC_MSGSEND = YES;
				GCC_C_LANGUAGE_STANDARD = gnu11;
				GCC_NO_COMMON_BLOCKS = YES;
				GCC_WARN_64_TO_32_BIT_CONVERSION = YES;
				GCC_WARN_ABOUT_RETURN_TYPE = YES_ERROR;
				GCC_WARN_UNDECLARED_SELECTOR = YES;
				GCC_WARN_UNINITIALIZED_AUTOS = YES_AGGRESSIVE;
				GCC_WARN_UNUSED_FUNCTION = YES;
				GCC_WARN_UNUSED_VARIABLE = YES;
				IPHONEOS_DEPLOYMENT_TARGET = 14.3;
				MTL_ENABLE_DEBUG_INFO = NO;
				MTL_FAST_MATH = YES;
				SDKROOT = iphoneos;
				SWIFT_COMPILATION_MODE = wholemodule;
				SWIFT_OPTIMIZATION_LEVEL = "-O";
				VALIDATE_PRODUCT = YES;
			};
			name = Release;
		};
		7A398CB3270867AB006D36E8 /* Debug */ = {
			isa = XCBuildConfiguration;
			buildSettings = {
				ASSETCATALOG_COMPILER_APPICON_NAME = AppIcon;
				ASSETCATALOG_COMPILER_GLOBAL_ACCENT_COLOR_NAME = AccentColor;
				CODE_SIGN_STYLE = Automatic;
				INFOPLIST_FILE = "NASA Picture of The Day/Info.plist";
				LD_RUNPATH_SEARCH_PATHS = (
					"$(inherited)",
					"@executable_path/Frameworks",
				);
				PRODUCT_BUNDLE_IDENTIFIER = "krishna.NASA-Picture-of-The-Day";
				PRODUCT_NAME = "$(TARGET_NAME)";
				SWIFT_VERSION = 5.0;
				TARGETED_DEVICE_FAMILY = "1,2";
			};
			name = Debug;
		};
		7A398CB4270867AB006D36E8 /* Release */ = {
			isa = XCBuildConfiguration;
			buildSettings = {
				ASSETCATALOG_COMPILER_APPICON_NAME = AppIcon;
				ASSETCATALOG_COMPILER_GLOBAL_ACCENT_COLOR_NAME = AccentColor;
				CODE_SIGN_STYLE = Automatic;
				INFOPLIST_FILE = "NASA Picture of The Day/Info.plist";
				LD_RUNPATH_SEARCH_PATHS = (
					"$(inherited)",
					"@executable_path/Frameworks",
				);
				PRODUCT_BUNDLE_IDENTIFIER = "krishna.NASA-Picture-of-The-Day";
				PRODUCT_NAME = "$(TARGET_NAME)";
				SWIFT_VERSION = 5.0;
				TARGETED_DEVICE_FAMILY = "1,2";
			};
			name = Release;
		};
		7A398CB6270867AB006D36E8 /* Debug */ = {
			isa = XCBuildConfiguration;
			buildSettings = {
				ALWAYS_EMBED_SWIFT_STANDARD_LIBRARIES = YES;
				BUNDLE_LOADER = "$(TEST_HOST)";
				CODE_SIGN_STYLE = Automatic;
				INFOPLIST_FILE = "NASA Picture of The DayTests/Info.plist";
				IPHONEOS_DEPLOYMENT_TARGET = 14.3;
				LD_RUNPATH_SEARCH_PATHS = (
					"$(inherited)",
					"@executable_path/Frameworks",
					"@loader_path/Frameworks",
				);
				PRODUCT_BUNDLE_IDENTIFIER = "krishna.NASA-Picture-of-The-DayTests";
				PRODUCT_NAME = "$(TARGET_NAME)";
				SWIFT_VERSION = 5.0;
				TARGETED_DEVICE_FAMILY = "1,2";
				TEST_HOST = "$(BUILT_PRODUCTS_DIR)/NASA Picture of The Day.app/NASA Picture of The Day";
			};
			name = Debug;
		};
		7A398CB7270867AB006D36E8 /* Release */ = {
			isa = XCBuildConfiguration;
			buildSettings = {
				ALWAYS_EMBED_SWIFT_STANDARD_LIBRARIES = YES;
				BUNDLE_LOADER = "$(TEST_HOST)";
				CODE_SIGN_STYLE = Automatic;
				INFOPLIST_FILE = "NASA Picture of The DayTests/Info.plist";
				IPHONEOS_DEPLOYMENT_TARGET = 14.3;
				LD_RUNPATH_SEARCH_PATHS = (
					"$(inherited)",
					"@executable_path/Frameworks",
					"@loader_path/Frameworks",
				);
				PRODUCT_BUNDLE_IDENTIFIER = "krishna.NASA-Picture-of-The-DayTests";
				PRODUCT_NAME = "$(TARGET_NAME)";
				SWIFT_VERSION = 5.0;
				TARGETED_DEVICE_FAMILY = "1,2";
				TEST_HOST = "$(BUILT_PRODUCTS_DIR)/NASA Picture of The Day.app/NASA Picture of The Day";
			};
			name = Release;
		};
		7A398CB9270867AB006D36E8 /* Debug */ = {
			isa = XCBuildConfiguration;
			buildSettings = {
				ALWAYS_EMBED_SWIFT_STANDARD_LIBRARIES = YES;
				CODE_SIGN_STYLE = Automatic;
				INFOPLIST_FILE = "NASA Picture of The DayUITests/Info.plist";
				LD_RUNPATH_SEARCH_PATHS = (
					"$(inherited)",
					"@executable_path/Frameworks",
					"@loader_path/Frameworks",
				);
				PRODUCT_BUNDLE_IDENTIFIER = "krishna.NASA-Picture-of-The-DayUITests";
				PRODUCT_NAME = "$(TARGET_NAME)";
				SWIFT_VERSION = 5.0;
				TARGETED_DEVICE_FAMILY = "1,2";
				TEST_TARGET_NAME = "NASA Picture of The Day";
			};
			name = Debug;
		};
		7A398CBA270867AB006D36E8 /* Release */ = {
			isa = XCBuildConfiguration;
			buildSettings = {
				ALWAYS_EMBED_SWIFT_STANDARD_LIBRARIES = YES;
				CODE_SIGN_STYLE = Automatic;
				INFOPLIST_FILE = "NASA Picture of The DayUITests/Info.plist";
				LD_RUNPATH_SEARCH_PATHS = (
					"$(inherited)",
					"@executable_path/Frameworks",
					"@loader_path/Frameworks",
				);
				PRODUCT_BUNDLE_IDENTIFIER = "krishna.NASA-Picture-of-The-DayUITests";
				PRODUCT_NAME = "$(TARGET_NAME)";
				SWIFT_VERSION = 5.0;
				TARGETED_DEVICE_FAMILY = "1,2";
				TEST_TARGET_NAME = "NASA Picture of The Day";
			};
			name = Release;
		};
/* End XCBuildConfiguration section */

/* Begin XCConfigurationList section */
		7A398C80270867A9006D36E8 /* Build configuration list for PBXProject "NASA Picture of The Day" */ = {
			isa = XCConfigurationList;
			buildConfigurations = (
				7A398CB0270867AB006D36E8 /* Debug */,
				7A398CB1270867AB006D36E8 /* Release */,
			);
			defaultConfigurationIsVisible = 0;
			defaultConfigurationName = Release;
		};
		7A398CB2270867AB006D36E8 /* Build configuration list for PBXNativeTarget "NASA Picture of The Day" */ = {
			isa = XCConfigurationList;
			buildConfigurations = (
				7A398CB3270867AB006D36E8 /* Debug */,
				7A398CB4270867AB006D36E8 /* Release */,
			);
			defaultConfigurationIsVisible = 0;
			defaultConfigurationName = Release;
		};
		7A398CB5270867AB006D36E8 /* Build configuration list for PBXNativeTarget "NASA Picture of The DayTests" */ = {
			isa = XCConfigurationList;
			buildConfigurations = (
				7A398CB6270867AB006D36E8 /* Debug */,
				7A398CB7270867AB006D36E8 /* Release */,
			);
			defaultConfigurationIsVisible = 0;
			defaultConfigurationName = Release;
		};
		7A398CB8270867AB006D36E8 /* Build configuration list for PBXNativeTarget "NASA Picture of The DayUITests" */ = {
			isa = XCConfigurationList;
			buildConfigurations = (
				7A398CB9270867AB006D36E8 /* Debug */,
				7A398CBA270867AB006D36E8 /* Release */,
			);
			defaultConfigurationIsVisible = 0;
			defaultConfigurationName = Release;
		};
/* End XCConfigurationList section */

/* Begin XCVersionGroup section */
		7A398C91270867A9006D36E8 /* NASA_Picture_of_The_Day.xcdatamodeld */ = {
			isa = XCVersionGroup;
			children = (
				7A398C92270867A9006D36E8 /* NASA_Picture_of_The_Day.xcdatamodel */,
			);
			currentVersion = 7A398C92270867A9006D36E8 /* NASA_Picture_of_The_Day.xcdatamodel */;
			path = NASA_Picture_of_The_Day.xcdatamodeld;
			sourceTree = "<group>";
			versionGroupType = wrapper.xcdatamodel;
		};
/* End XCVersionGroup section */
	};
	rootObject = 7A398C7D270867A9006D36E8 /* Project object */;
}
